
Microsoft Visual Studio Solution File, Format Version 12.00
# Visual Studio Version 16
VisualStudioVersion = 16.0.30320.27
MinimumVisualStudioVersion = 10.0.40219.1
Project("{D2ABAB84-BF74-430A-B69E-9DC6D40DDA17}") = "CUBIC", "CUBIC.dwproj", "{C7B0E810-DA0C-4863-B432-78C515314FF7}"
EndProject
Global
	GlobalSection(SolutionConfigurationPlatforms) = preSolution
		Development|Default = Development|Default
	EndGlobalSection
	GlobalSection(ProjectConfigurationPlatforms) = postSolution
		{C7B0E810-DA0C-4863-B432-78C515314FF7}.Development|Default.ActiveCfg = Development
		{C7B0E810-DA0C-4863-B432-78C515314FF7}.Development|Default.Build.0 = Development
		{C7B0E810-DA0C-4863-B432-78C515314FF7}.Development|Default.Deploy.0 = Development
	EndGlobalSection
	GlobalSection(SolutionProperties) = preSolution
		HideSolutionNode = FALSE
	EndGlobalSection
	GlobalSection(ExtensibilityGlobals) = postSolution
		SolutionGuid = {9093125E-6391-4A39-B911-59F23623E211}
	EndGlobalSection
EndGlobal
